github.com/kardianos/service v1.1.0 h1:QV2SiEeWK42P0aEmGcsAgjApw/lRxkwopvT+Gu6t1/0=
github.com/kardianos/service v1.1.0/go.mod h1:RrJI2xn5vve/r32U5suTbeaSGoMU6GbNPoj36CVYcHc=
github.com/pin/tftp v2.1.0+incompatible h1:Yng4J7jv6lOc6IF4XoB5mnd3P7ZrF60XQq+my3FAMus=
github.com/pin/tftp v2.1.0+incompatible/go.mod h1:xVpZOMCXTy+A5QMjEVN0Glwa1sUvaJhFXbr/aAxuxGY=
golang.org/x/sys v0.0.0-20190204203706-41f3e6584952 h1:FDfvYgoVsA7TTZSbgiqjAbfPbK47CNHdWl3h/PJtii0=
golang.org/x/sys v0.0.0-20190204203706-41f3e6584952/go.mod h1:STP8DvDyc/dI5b8T5hshtkjS+E42TnysNCUPdjciGhY=
golang.org/x/sys v0.0.0-20201110211018-35f3e6cf4a65 h1:Qo9oJ566/Sq7N4hrGftVXs8GI2CXBCuOd4S2wHE/e0M=
golang.org/x/sys v0.0.0-20201110211018-35f3e6cf4a65/go.mod h1:h1NjWce9XRLGQEsW7wpKNCjG9DtNlClVuFLEZdDNbEs=
